
Microsoft Visual Studio Solution File, Format Version 12.00
# Visual Studio 15
VisualStudioVersion = 15.0.27428.2005
MinimumVisualStudioVersion = 10.0.40219.1
Project("{8BC9CEB8-8B4A-11D0-8D11-00A0C91BC942}") = "Car", "Car\Car.vcxproj", "{520BEF4C-6E3F-4FCB-9FB9-DEDDA8A52751}"
EndProject
Project("{8BC9CEB8-8B4A-11D0-8D11-00A0C91BC942}") = "CarTests", "CarTests\CarTests.vcxproj", "{29B5629B-83D0-4937-98DE-B757287F12B6}"
EndProject
Global
	GlobalSection(SolutionConfigurationPlatforms) = preSolution
		Debug|x64 = Debug|x64
		Debug|x86 = Debug|x86
		Release|x64 = Release|x64
		Release|x86 = Release|x86
	EndGlobalSection
	GlobalSection(ProjectConfigurationPlatforms) = postSolution
		{520BEF4C-6E3F-4FCB-9FB9-DEDDA8A52751}.Debug|x64.ActiveCfg = Debug|x64
		{520BEF4C-6E3F-4FCB-9FB9-DEDDA8A52751}.Debug|x64.Build.0 = Debug|x64
		{520BEF4C-6E3F-4FCB-9FB9-DEDDA8A52751}.Debug|x86.ActiveCfg = Debug|Win32
		{520BEF4C-6E3F-4FCB-9FB9-DEDDA8A52751}.Debug|x86.Build.0 = Debug|Win32
		{520BEF4C-6E3F-4FCB-9FB9-DEDDA8A52751}.Release|x64.ActiveCfg = Release|x64
		{520BEF4C-6E3F-4FCB-9FB9-DEDDA8A52751}.Release|x64.Build.0 = Release|x64
		{520BEF4C-6E3F-4FCB-9FB9-DEDDA8A52751}.Release|x86.ActiveCfg = Release|Win32
		{520BEF4C-6E3F-4FCB-9FB9-DEDDA8A52751}.Release|x86.Build.0 = Release|Win32
		{29B5629B-83D0-4937-98DE-B757287F12B6}.Debug|x64.ActiveCfg = Debug|x64
		{29B5629B-83D0-4937-98DE-B757287F12B6}.Debug|x64.Build.0 = Debug|x64
		{29B5629B-83D0-4937-98DE-B757287F12B6}.Debug|x86.ActiveCfg = Debug|Win32
		{29B5629B-83D0-4937-98DE-B757287F12B6}.Debug|x86.Build.0 = Debug|Win32
		{29B5629B-83D0-4937-98DE-B757287F12B6}.Release|x64.ActiveCfg = Release|x64
		{29B5629B-83D0-4937-98DE-B757287F12B6}.Release|x64.Build.0 = Release|x64
		{29B5629B-83D0-4937-98DE-B757287F12B6}.Release|x86.ActiveCfg = Release|Win32
		{29B5629B-83D0-4937-98DE-B757287F12B6}.Release|x86.Build.0 = Release|Win32
	EndGlobalSection
	GlobalSection(SolutionProperties) = preSolution
		HideSolutionNode = FALSE
	EndGlobalSection
	GlobalSection(ExtensibilityGlobals) = postSolution
		SolutionGuid = {81D2CB12-42D9-44A5-A281-2071514D5A90}
	EndGlobalSection
EndGlobal
