
Microsoft Visual Studio Solution File, Format Version 12.00
# Visual Studio 15
VisualStudioVersion = 15.0.27428.2005
MinimumVisualStudioVersion = 10.0.40219.1
Project("{8BC9CEB8-8B4A-11D0-8D11-00A0C91BC942}") = "HTMLEncodeTests", "HTMLEncodeTests\HTMLEncodeTests.vcxproj", "{B70EFE29-387D-410D-BBCA-86E8F812864E}"
EndProject
Global
	GlobalSection(SolutionConfigurationPlatforms) = preSolution
		Debug|x64 = Debug|x64
		Debug|x86 = Debug|x86
		Release|x64 = Release|x64
		Release|x86 = Release|x86
	EndGlobalSection
	GlobalSection(ProjectConfigurationPlatforms) = postSolution
		{B70EFE29-387D-410D-BBCA-86E8F812864E}.Debug|x64.ActiveCfg = Debug|x64
		{B70EFE29-387D-410D-BBCA-86E8F812864E}.Debug|x64.Build.0 = Debug|x64
		{B70EFE29-387D-410D-BBCA-86E8F812864E}.Debug|x86.ActiveCfg = Debug|Win32
		{B70EFE29-387D-410D-BBCA-86E8F812864E}.Debug|x86.Build.0 = Debug|Win32
		{B70EFE29-387D-410D-BBCA-86E8F812864E}.Release|x64.ActiveCfg = Release|x64
		{B70EFE29-387D-410D-BBCA-86E8F812864E}.Release|x64.Build.0 = Release|x64
		{B70EFE29-387D-410D-BBCA-86E8F812864E}.Release|x86.ActiveCfg = Release|Win32
		{B70EFE29-387D-410D-BBCA-86E8F812864E}.Release|x86.Build.0 = Release|Win32
	EndGlobalSection
	GlobalSection(SolutionProperties) = preSolution
		HideSolutionNode = FALSE
	EndGlobalSection
	GlobalSection(ExtensibilityGlobals) = postSolution
		SolutionGuid = {F6241D34-5910-48EE-88FD-B4E636751F48}
	EndGlobalSection
EndGlobal
