
Microsoft Visual Studio Solution File, Format Version 12.00
# Visual Studio 15
VisualStudioVersion = 15.0.27130.2027
MinimumVisualStudioVersion = 10.0.40219.1
Project("{8BC9CEB8-8B4A-11D0-8D11-00A0C91BC942}") = "printNumWithSumDigits", "printNumWithSumDigits\printNumWithSumDigits.vcxproj", "{290EE60A-D563-4277-9D74-41F8F40FACE9}"
EndProject
Global
	GlobalSection(SolutionConfigurationPlatforms) = preSolution
		Debug|x64 = Debug|x64
		Debug|x86 = Debug|x86
		Release|x64 = Release|x64
		Release|x86 = Release|x86
	EndGlobalSection
	GlobalSection(ProjectConfigurationPlatforms) = postSolution
		{290EE60A-D563-4277-9D74-41F8F40FACE9}.Debug|x64.ActiveCfg = Debug|x64
		{290EE60A-D563-4277-9D74-41F8F40FACE9}.Debug|x64.Build.0 = Debug|x64
		{290EE60A-D563-4277-9D74-41F8F40FACE9}.Debug|x86.ActiveCfg = Debug|Win32
		{290EE60A-D563-4277-9D74-41F8F40FACE9}.Debug|x86.Build.0 = Debug|Win32
		{290EE60A-D563-4277-9D74-41F8F40FACE9}.Release|x64.ActiveCfg = Release|x64
		{290EE60A-D563-4277-9D74-41F8F40FACE9}.Release|x64.Build.0 = Release|x64
		{290EE60A-D563-4277-9D74-41F8F40FACE9}.Release|x86.ActiveCfg = Release|Win32
		{290EE60A-D563-4277-9D74-41F8F40FACE9}.Release|x86.Build.0 = Release|Win32
	EndGlobalSection
	GlobalSection(SolutionProperties) = preSolution
		HideSolutionNode = FALSE
	EndGlobalSection
	GlobalSection(ExtensibilityGlobals) = postSolution
		SolutionGuid = {980BDD0E-E9CA-4C3F-87E2-D77B661919AD}
	EndGlobalSection
EndGlobal
